// !$*UTF8*$!
{
	archiveVersion = 1;
	classes = {
	};
	objectVersion = 46;
	objects = {

/* Begin PBXBuildFile section */
		5F0924C513F9CC450053808D /* DMApplicationDelegate.m in Sources */ = {isa = PBXBuildFile; fileRef = 5F0924C413F9CC450053808D /* DMApplicationDelegate.m */; };
		5F162D4B1408F82D008869BB /* DungeonMaster.icns in Resources */ = {isa = PBXBuildFile; fileRef = 5F162D4A1408F82D008869BB /* DungeonMaster.icns */; };
		5F1A430413FD632B0027508F /* Cocoa.framework in Frameworks */ = {isa = PBXBuildFile; fileRef = 5F1A430313FD632B0027508F /* Cocoa.framework */; };
		5F5D7ED60B9378FB0037F447 /* DMDefinitions.m in Sources */ = {isa = PBXBuildFile; fileRef = 5F5D7ED50B9378FB0037F447 /* DMDefinitions.m */; };
		5F8BAF780B94C38C00AD2809 /* DMModel.m in Sources */ = {isa = PBXBuildFile; fileRef = 5F8BAF770B94C38C00AD2809 /* DMModel.m */; };
		5FE97DFF0B90D04E000E5D5A /* DungeonView.m in Sources */ = {isa = PBXBuildFile; fileRef = 5FE97DFE0B90D04E000E5D5A /* DungeonView.m */; };
		5FE97E0D0B90D361000E5D5A /* DMNode.m in Sources */ = {isa = PBXBuildFile; fileRef = 5FE97E0C0B90D361000E5D5A /* DMNode.m */; };
		5FE97E750B90DAF8000E5D5A /* DMMap.m in Sources */ = {isa = PBXBuildFile; fileRef = 5FE97E740B90DAF8000E5D5A /* DMMap.m */; };
		5FE97EC30B90E466000E5D5A /* DMSearch.m in Sources */ = {isa = PBXBuildFile; fileRef = 5FE97EC20B90E466000E5D5A /* DMSearch.m */; };
		8D11072A0486CEB800E47090 /* MainMenu.nib in Resources */ = {isa = PBXBuildFile; fileRef = 29B97318FDCFA39411CA2CEA /* MainMenu.nib */; };
		8D11072B0486CEB800E47090 /* InfoPlist.strings in Resources */ = {isa = PBXBuildFile; fileRef = 089C165CFE840E0CC02AAC07 /* InfoPlist.strings */; };
		8D11072D0486CEB800E47090 /* main.m in Sources */ = {isa = PBXBuildFile; fileRef = 29B97316FDCFA39411CA2CEA /* main.m */; settings = {ATTRIBUTES = (); }; };
/* End PBXBuildFile section */

/* Begin PBXFileReference section */
		089C165DFE840E0CC02AAC07 /* English */ = {isa = PBXFileReference; fileEncoding = 10; lastKnownFileType = text.plist.strings; name = English; path = English.lproj/InfoPlist.strings; sourceTree = "<group>"; };
		29B97316FDCFA39411CA2CEA /* main.m */ = {isa = PBXFileReference; fileEncoding = 4; lastKnownFileType = sourcecode.c.objc; path = main.m; sourceTree = "<group>"; };
		29B97319FDCFA39411CA2CEA /* English */ = {isa = PBXFileReference; lastKnownFileType = wrapper.nib; name = English; path = English.lproj/MainMenu.nib; sourceTree = "<group>"; };
		32CA4F630368D1EE00C91783 /* DungeonMaster_Prefix.pch */ = {isa = PBXFileReference; fileEncoding = 4; lastKnownFileType = sourcecode.c.h; path = DungeonMaster_Prefix.pch; sourceTree = "<group>"; };
		5F0924C413F9CC450053808D /* DMApplicationDelegate.m */ = {isa = PBXFileReference; fileEncoding = 4; lastKnownFileType = sourcecode.c.objc; path = DMApplicationDelegate.m; sourceTree = "<group>"; };
		5F0924C613F9CC860053808D /* DMApplicationDelegate.h */ = {isa = PBXFileReference; fileEncoding = 4; lastKnownFileType = sourcecode.c.h; path = DMApplicationDelegate.h; sourceTree = "<group>"; };
		5F162D4A1408F82D008869BB /* DungeonMaster.icns */ = {isa = PBXFileReference; lastKnownFileType = image.icns; path = DungeonMaster.icns; sourceTree = "<group>"; };
		5F1A430313FD632B0027508F /* Cocoa.framework */ = {isa = PBXFileReference; lastKnownFileType = wrapper.framework; name = Cocoa.framework; path = SDKs/MacOSX10.7.sdk/System/Library/Frameworks/Cocoa.framework; sourceTree = DEVELOPER_DIR; };
		5F5D7ED50B9378FB0037F447 /* DMDefinitions.m */ = {isa = PBXFileReference; fileEncoding = 4; lastKnownFileType = sourcecode.c.objc; path = DMDefinitions.m; sourceTree = "<group>"; };
		5F67805C0B96D9C700BD4E8D /* Map file format.txt */ = {isa = PBXFileReference; fileEncoding = 4; lastKnownFileType = text; path = "Map file format.txt"; sourceTree = "<group>"; };
		5F8BAF760B94C38C00AD2809 /* DMModel.h */ = {isa = PBXFileReference; fileEncoding = 30; lastKnownFileType = sourcecode.c.h; path = DMModel.h; sourceTree = "<group>"; };
		5F8BAF770B94C38C00AD2809 /* DMModel.m */ = {isa = PBXFileReference; fileEncoding = 30; lastKnownFileType = sourcecode.c.objc; path = DMModel.m; sourceTree = "<group>"; };
		5FE97DFD0B90D04E000E5D5A /* DungeonView.h */ = {isa = PBXFileReference; fileEncoding = 30; lastKnownFileType = sourcecode.c.h; path = DungeonView.h; sourceTree = "<group>"; };
		5FE97DFE0B90D04E000E5D5A /* DungeonView.m */ = {isa = PBXFileReference; fileEncoding = 30; lastKnownFileType = sourcecode.c.objc; path = DungeonView.m; sourceTree = "<group>"; };
		5FE97E0B0B90D361000E5D5A /* DMNode.h */ = {isa = PBXFileReference; fileEncoding = 4; lastKnownFileType = sourcecode.c.h; path = DMNode.h; sourceTree = "<group>"; };
		5FE97E0C0B90D361000E5D5A /* DMNode.m */ = {isa = PBXFileReference; fileEncoding = 4; lastKnownFileType = sourcecode.c.objc; path = DMNode.m; sourceTree = "<group>"; };
		5FE97E570B90D8D6000E5D5A /* DMDefinitions.h */ = {isa = PBXFileReference; fileEncoding = 4; lastKnownFileType = sourcecode.c.h; path = DMDefinitions.h; sourceTree = "<group>"; };
		5FE97E730B90DAF8000E5D5A /* DMMap.h */ = {isa = PBXFileReference; fileEncoding = 4; lastKnownFileType = sourcecode.c.h; path = DMMap.h; sourceTree = "<group>"; };
		5FE97E740B90DAF8000E5D5A /* DMMap.m */ = {isa = PBXFileReference; fileEncoding = 4; lastKnownFileType = sourcecode.c.objc; path = DMMap.m; sourceTree = "<group>"; };
		5FE97EC10B90E466000E5D5A /* DMSearch.h */ = {isa = PBXFileReference; fileEncoding = 4; lastKnownFileType = sourcecode.c.h; path = DMSearch.h; sourceTree = "<group>"; };
		5FE97EC20B90E466000E5D5A /* DMSearch.m */ = {isa = PBXFileReference; fileEncoding = 4; lastKnownFileType = sourcecode.c.objc; path = DMSearch.m; sourceTree = "<group>"; };
		8D1107310486CEB800E47090 /* Info.plist */ = {isa = PBXFileReference; fileEncoding = 4; lastKnownFileType = text.plist; path = Info.plist; sourceTree = "<group>"; };
		8D1107320486CEB800E47090 /* DungeonMaster.app */ = {isa = PBXFileReference; explicitFileType = wrapper.application; includeInIndex = 0; path = DungeonMaster.app; sourceTree = BUILT_PRODUCTS_DIR; };
/* End PBXFileReference section */

/* Begin PBXFrameworksBuildPhase section */
		8D11072E0486CEB800E47090 /* Frameworks */ = {
			isa = PBXFrameworksBuildPhase;
			buildActionMask = 2147483647;
			files = (
				5F1A430413FD632B0027508F /* Cocoa.framework in Frameworks */,
			);
			runOnlyForDeploymentPostprocessing = 0;
		};
/* End PBXFrameworksBuildPhase section */

/* Begin PBXGroup section */
		080E96DDFE201D6D7F000001 /* Classes */ = {
			isa = PBXGroup;
			children = (
				5F8BAF760B94C38C00AD2809 /* DMModel.h */,
				5F8BAF770B94C38C00AD2809 /* DMModel.m */,
				5FE97DFD0B90D04E000E5D5A /* DungeonView.h */,
				5FE97DFE0B90D04E000E5D5A /* DungeonView.m */,
				5FE97E0B0B90D361000E5D5A /* DMNode.h */,
				5FE97E0C0B90D361000E5D5A /* DMNode.m */,
				5FE97E730B90DAF8000E5D5A /* DMMap.h */,
				5FE97E740B90DAF8000E5D5A /* DMMap.m */,
				5FE97EC10B90E466000E5D5A /* DMSearch.h */,
				5FE97EC20B90E466000E5D5A /* DMSearch.m */,
				5F0924C613F9CC860053808D /* DMApplicationDelegate.h */,
				5F0924C413F9CC450053808D /* DMApplicationDelegate.m */,
			);
			name = Classes;
			sourceTree = "<group>";
		};
		1058C7A0FEA54F0111CA2CBB /* Linked Frameworks */ = {
			isa = PBXGroup;
			children = (
				5F1A430313FD632B0027508F /* Cocoa.framework */,
			);
			name = "Linked Frameworks";
			sourceTree = "<group>";
		};
		1058C7A2FEA54F0111CA2CBB /* Other Frameworks */ = {
			isa = PBXGroup;
			children = (
			);
			name = "Other Frameworks";
			sourceTree = "<group>";
		};
		19C28FACFE9D520D11CA2CBB /* Products */ = {
			isa = PBXGroup;
			children = (
				8D1107320486CEB800E47090 /* DungeonMaster.app */,
			);
			name = Products;
			sourceTree = "<group>";
		};
		29B97314FDCFA39411CA2CEA /* DungeonMaster */ = {
			isa = PBXGroup;
			children = (
				080E96DDFE201D6D7F000001 /* Classes */,
				29B97315FDCFA39411CA2CEA /* Other Sources */,
				29B97317FDCFA39411CA2CEA /* Resources */,
				5F67805B0B96D9B000BD4E8D /* Notes */,
				29B97323FDCFA39411CA2CEA /* Frameworks */,
				19C28FACFE9D520D11CA2CBB /* Products */,
			);
			name = DungeonMaster;
			sourceTree = "<group>";
		};
		29B97315FDCFA39411CA2CEA /* Other Sources */ = {
			isa = PBXGroup;
			children = (
				5FE97E570B90D8D6000E5D5A /* DMDefinitions.h */,
				5F5D7ED50B9378FB0037F447 /* DMDefinitions.m */,
				32CA4F630368D1EE00C91783 /* DungeonMaster_Prefix.pch */,
				29B97316FDCFA39411CA2CEA /* main.m */,
			);
			name = "Other Sources";
			sourceTree = "<group>";
		};
		29B97317FDCFA39411CA2CEA /* Resources */ = {
			isa = PBXGroup;
			children = (
				5F162D4A1408F82D008869BB /* DungeonMaster.icns */,
				8D1107310486CEB800E47090 /* Info.plist */,
				089C165CFE840E0CC02AAC07 /* InfoPlist.strings */,
				29B97318FDCFA39411CA2CEA /* MainMenu.nib */,
			);
			name = Resources;
			sourceTree = "<group>";
		};
		29B97323FDCFA39411CA2CEA /* Frameworks */ = {
			isa = PBXGroup;
			children = (
				1058C7A0FEA54F0111CA2CBB /* Linked Frameworks */,
				1058C7A2FEA54F0111CA2CBB /* Other Frameworks */,
			);
			name = Frameworks;
			sourceTree = "<group>";
		};
		5F67805B0B96D9B000BD4E8D /* Notes */ = {
			isa = PBXGroup;
			children = (
				5F67805C0B96D9C700BD4E8D /* Map file format.txt */,
			);
			name = Notes;
			sourceTree = "<group>";
		};
/* End PBXGroup section */

/* Begin PBXNativeTarget section */
		8D1107260486CEB800E47090 /* DungeonMaster */ = {
			isa = PBXNativeTarget;
			buildConfigurationList = C01FCF4A08A954540054247B /* Build configuration list for PBXNativeTarget "DungeonMaster" */;
			buildPhases = (
				8D1107290486CEB800E47090 /* Resources */,
				8D11072C0486CEB800E47090 /* Sources */,
				8D11072E0486CEB800E47090 /* Frameworks */,
			);
			buildRules = (
			);
			dependencies = (
			);
			name = DungeonMaster;
			productInstallPath = "$(HOME)/Applications";
			productName = DungeonMaster;
			productReference = 8D1107320486CEB800E47090 /* DungeonMaster.app */;
			productType = "com.apple.product-type.application";
		};
/* End PBXNativeTarget section */

/* Begin PBXProject section */
		29B97313FDCFA39411CA2CEA /* Project object */ = {
			isa = PBXProject;
			attributes = {
				LastUpgradeCheck = 0410;
			};
			buildConfigurationList = C01FCF4E08A954540054247B /* Build configuration list for PBXProject "DungeonMaster" */;
			compatibilityVersion = "Xcode 3.2";
			developmentRegion = English;
			hasScannedForEncodings = 1;
			knownRegions = (
				en,
			);
			mainGroup = 29B97314FDCFA39411CA2CEA /* DungeonMaster */;
			projectDirPath = "";
			projectRoot = "";
			targets = (
				8D1107260486CEB800E47090 /* DungeonMaster */,
			);
		};
/* End PBXProject section */

/* Begin PBXResourcesBuildPhase section */
		8D1107290486CEB800E47090 /* Resources */ = {
			isa = PBXResourcesBuildPhase;
			buildActionMask = 2147483647;
			files = (
				8D11072A0486CEB800E47090 /* MainMenu.nib in Resources */,
				8D11072B0486CEB800E47090 /* InfoPlist.strings in Resources */,
				5F162D4B1408F82D008869BB /* DungeonMaster.icns in Resources */,
			);
			runOnlyForDeploymentPostprocessing = 0;
		};
/* End PBXResourcesBuildPhase section */

/* Begin PBXSourcesBuildPhase section */
		8D11072C0486CEB800E47090 /* Sources */ = {
			isa = PBXSourcesBuildPhase;
			buildActionMask = 2147483647;
			files = (
				8D11072D0486CEB800E47090 /* main.m in Sources */,
				5FE97DFF0B90D04E000E5D5A /* DungeonView.m in Sources */,
				5FE97E0D0B90D361000E5D5A /* DMNode.m in Sources */,
				5FE97E750B90DAF8000E5D5A /* DMMap.m in Sources */,
				5FE97EC30B90E466000E5D5A /* DMSearch.m in Sources */,
				5F5D7ED60B9378FB0037F447 /* DMDefinitions.m in Sources */,
				5F8BAF780B94C38C00AD2809 /* DMModel.m in Sources */,
				5F0924C513F9CC450053808D /* DMApplicationDelegate.m in Sources */,
			);
			runOnlyForDeploymentPostprocessing = 0;
		};
/* End PBXSourcesBuildPhase section */

/* Begin PBXVariantGroup section */
		089C165CFE840E0CC02AAC07 /* InfoPlist.strings */ = {
			isa = PBXVariantGroup;
			children = (
				089C165DFE840E0CC02AAC07 /* English */,
			);
			name = InfoPlist.strings;
			sourceTree = "<group>";
		};
		29B97318FDCFA39411CA2CEA /* MainMenu.nib */ = {
			isa = PBXVariantGroup;
			children = (
				29B97319FDCFA39411CA2CEA /* English */,
			);
			name = MainMenu.nib;
			sourceTree = "<group>";
		};
/* End PBXVariantGroup section */

/* Begin XCBuildConfiguration section */
		C01FCF4B08A954540054247B /* Debug */ = {
			isa = XCBuildConfiguration;
			buildSettings = {
				COPY_PHASE_STRIP = NO;
				GCC_C_LANGUAGE_STANDARD = c99;
				GCC_DYNAMIC_NO_PIC = NO;
				GCC_ENABLE_OBJC_EXCEPTIONS = YES;
				GCC_MODEL_TUNING = G5;
				GCC_OPTIMIZATION_LEVEL = 0;
				INFOPLIST_FILE = Info.plist;
				INSTALL_PATH = "$(HOME)/Applications";
				PRODUCT_NAME = DungeonMaster;
				SDKROOT = macosx;
				WRAPPER_EXTENSION = app;
				ZERO_LINK = YES;
			};
			name = Debug;
		};
		C01FCF4C08A954540054247B /* Release */ = {
			isa = XCBuildConfiguration;
			buildSettings = {
				ARCHS = "$(ARCHS_STANDARD_32_64_BIT)";
				GCC_C_LANGUAGE_STANDARD = c99;
				GCC_ENABLE_OBJC_EXCEPTIONS = YES;
				GCC_GENERATE_DEBUGGING_SYMBOLS = NO;
				GCC_MODEL_TUNING = G5;
				INFOPLIST_FILE = Info.plist;
				INSTALL_PATH = "$(HOME)/Applications";
				PRODUCT_NAME = DungeonMaster;
				SDKROOT = macosx;
				WRAPPER_EXTENSION = app;
			};
			name = Release;
		};
		C01FCF4F08A954540054247B /* Debug */ = {
			isa = XCBuildConfiguration;
			buildSettings = {
				GCC_WARN_ABOUT_RETURN_TYPE = YES;
				GCC_WARN_UNUSED_VARIABLE = YES;
				SDKROOT = "$(DEVELOPER_SDK_DIR)/MacOSX10.4u.sdk";
			};
			name = Debug;
		};
		C01FCF5008A954540054247B /* Release */ = {
			isa = XCBuildConfiguration;
			buildSettings = {
				GCC_WARN_ABOUT_RETURN_TYPE = YES;
				GCC_WARN_UNUSED_VARIABLE = YES;
				SDKROOT = "$(DEVELOPER_SDK_DIR)/MacOSX10.4u.sdk";
			};
			name = Release;
		};
/* End XCBuildConfiguration section */

/* Begin XCConfigurationList section */
		C01FCF4A08A954540054247B /* Build configuration list for PBXNativeTarget "DungeonMaster" */ = {
			isa = XCConfigurationList;
			buildConfigurations = (
				C01FCF4B08A954540054247B /* Debug */,
				C01FCF4C08A954540054247B /* Release */,
			);
			defaultConfigurationIsVisible = 0;
			defaultConfigurationName = Release;
		};
		C01FCF4E08A954540054247B /* Build configuration list for PBXProject "DungeonMaster" */ = {
			isa = XCConfigurationList;
			buildConfigurations = (
				C01FCF4F08A954540054247B /* Debug */,
				C01FCF5008A954540054247B /* Release */,
			);
			defaultConfigurationIsVisible = 0;
			defaultConfigurationName = Release;
		};
/* End XCConfigurationList section */
	};
	rootObject = 29B97313FDCFA39411CA2CEA /* Project object */;
}
