// !$*UTF8*$!
{
	archiveVersion = 1;
	classes = {
	};
	objectVersion = 46;
	objects = {

/* Begin PBXBuildFile section */
		5F0213CD1437B3F900ABB19D /* ConnectionsSouthBackground.png in Resources */ = {isa = PBXBuildFile; fileRef = 5F0213CC1437B3F900ABB19D /* ConnectionsSouthBackground.png */; };
		5F0213D11437B46A00ABB19D /* ConnectionsEastBackground.png in Resources */ = {isa = PBXBuildFile; fileRef = 5F0213CF1437B46A00ABB19D /* ConnectionsEastBackground.png */; };
		5F0213D21437B46A00ABB19D /* ConnectionsWestBackground.png in Resources */ = {isa = PBXBuildFile; fileRef = 5F0213D01437B46A00ABB19D /* ConnectionsWestBackground.png */; };
		5F162D4B1408F82D008869BB /* DungeonMaster.icns in Resources */ = {isa = PBXBuildFile; fileRef = 5F162D4A1408F82D008869BB /* DungeonMaster.icns */; };
		5F162D5A1408F9BE008869BB /* DMApplicationDelegate.m in Sources */ = {isa = PBXBuildFile; fileRef = 5F162D4E1408F9BE008869BB /* DMApplicationDelegate.m */; };
		5F162D5C1408F9BE008869BB /* DMMap.m in Sources */ = {isa = PBXBuildFile; fileRef = 5F162D511408F9BE008869BB /* DMMap.m */; };
		5F162D5D1408F9BE008869BB /* DMModel.m in Sources */ = {isa = PBXBuildFile; fileRef = 5F162D531408F9BE008869BB /* DMModel.m */; };
		5F162D5F1408F9BE008869BB /* DMSearch.m in Sources */ = {isa = PBXBuildFile; fileRef = 5F162D571408F9BE008869BB /* DMSearch.m */; };
		5F162D601408F9BE008869BB /* DungeonView.m in Sources */ = {isa = PBXBuildFile; fileRef = 5F162D591408F9BE008869BB /* DungeonView.m */; };
		5F162D631408F9CE008869BB /* DMDefinitions.m in Sources */ = {isa = PBXBuildFile; fileRef = 5F162D621408F9CE008869BB /* DMDefinitions.m */; };
		5F162D651408FA7F008869BB /* README.txt in Resources */ = {isa = PBXBuildFile; fileRef = 5F162D641408FA7F008869BB /* README.txt */; };
		5F162DE6140900AD008869BB /* Cocoa.framework in Frameworks */ = {isa = PBXBuildFile; fileRef = 5F162DE5140900AD008869BB /* Cocoa.framework */; };
		5F162DEF140900AD008869BB /* InfoPlist.strings in Resources */ = {isa = PBXBuildFile; fileRef = 5F162DED140900AD008869BB /* InfoPlist.strings */; };
		5F162DF1140900AD008869BB /* main.m in Sources */ = {isa = PBXBuildFile; fileRef = 5F162DF0140900AD008869BB /* main.m */; };
		5F162DF5140900AE008869BB /* Credits.rtf in Resources */ = {isa = PBXBuildFile; fileRef = 5F162DF3140900AE008869BB /* Credits.rtf */; };
		5F162DF8140900AE008869BB /* DKDocument.m in Sources */ = {isa = PBXBuildFile; fileRef = 5F162DF7140900AE008869BB /* DKDocument.m */; };
		5F162DFB140900AE008869BB /* DKDocument.xib in Resources */ = {isa = PBXBuildFile; fileRef = 5F162DF9140900AE008869BB /* DKDocument.xib */; };
		5F162DFE140900AE008869BB /* MainMenu.xib in Resources */ = {isa = PBXBuildFile; fileRef = 5F162DFC140900AE008869BB /* MainMenu.xib */; };
		5F162E06140901E1008869BB /* DKMapEditor.m in Sources */ = {isa = PBXBuildFile; fileRef = 5F162E05140901E1008869BB /* DKMapEditor.m */; };
		5F162E0814090501008869BB /* DMMap.m in Sources */ = {isa = PBXBuildFile; fileRef = 5F162D511408F9BE008869BB /* DMMap.m */; };
		5F162E0914090511008869BB /* DMNode.m in Sources */ = {isa = PBXBuildFile; fileRef = 5F162D551408F9BE008869BB /* DMNode.m */; };
		5F162E0A14090511008869BB /* DMSearch.m in Sources */ = {isa = PBXBuildFile; fileRef = 5F162D571408F9BE008869BB /* DMSearch.m */; };
		5F162E0B14090541008869BB /* DMDefinitions.m in Sources */ = {isa = PBXBuildFile; fileRef = 5F162D621408F9CE008869BB /* DMDefinitions.m */; };
		5F1A430413FD632B0027508F /* Cocoa.framework in Frameworks */ = {isa = PBXBuildFile; fileRef = 5F1A430313FD632B0027508F /* Cocoa.framework */; };
		5F4A4C7A141CCECF0092D559 /* DKRoomZoomView.m in Sources */ = {isa = PBXBuildFile; fileRef = 5F4A4C79141CCECF0092D559 /* DKRoomZoomView.m */; };
		5F684D081439DB4700DBB32E /* ConnectionsSouth3.png in Resources */ = {isa = PBXBuildFile; fileRef = 5F684D051439DB4700DBB32E /* ConnectionsSouth3.png */; };
		5F684D091439DB4700DBB32E /* ConnectionsSouth2.png in Resources */ = {isa = PBXBuildFile; fileRef = 5F684D061439DB4700DBB32E /* ConnectionsSouth2.png */; };
		5F684D0A1439DB4700DBB32E /* ConnectionsSouth0.png in Resources */ = {isa = PBXBuildFile; fileRef = 5F684D071439DB4700DBB32E /* ConnectionsSouth0.png */; };
		5F684D0F1439DB5000DBB32E /* ConnectionsNorth3.png in Resources */ = {isa = PBXBuildFile; fileRef = 5F684D0C1439DB5000DBB32E /* ConnectionsNorth3.png */; };
		5F684D101439DB5000DBB32E /* ConnectionsNorth2.png in Resources */ = {isa = PBXBuildFile; fileRef = 5F684D0D1439DB5000DBB32E /* ConnectionsNorth2.png */; };
		5F684D111439DB5000DBB32E /* ConnectionsNorth1.png in Resources */ = {isa = PBXBuildFile; fileRef = 5F684D0E1439DB5000DBB32E /* ConnectionsNorth1.png */; };
		5F7081E0143887840029E08C /* ConnectionsEast2.png in Resources */ = {isa = PBXBuildFile; fileRef = 5F7081DD143887840029E08C /* ConnectionsEast2.png */; };
		5F7081E1143887840029E08C /* ConnectionsEast1.png in Resources */ = {isa = PBXBuildFile; fileRef = 5F7081DE143887840029E08C /* ConnectionsEast1.png */; };
		5F7081E2143887840029E08C /* ConnectionsEast0.png in Resources */ = {isa = PBXBuildFile; fileRef = 5F7081DF143887840029E08C /* ConnectionsEast0.png */; };
		5F7081E714388BF10029E08C /* ConnectionsWest3.png in Resources */ = {isa = PBXBuildFile; fileRef = 5F7081E414388BF10029E08C /* ConnectionsWest3.png */; };
		5F7081E814388BF10029E08C /* ConnectionsWest1.png in Resources */ = {isa = PBXBuildFile; fileRef = 5F7081E514388BF10029E08C /* ConnectionsWest1.png */; };
		5F7081E914388BF10029E08C /* ConnectionsWest0.png in Resources */ = {isa = PBXBuildFile; fileRef = 5F7081E614388BF10029E08C /* ConnectionsWest0.png */; };
		5FA5D96B1437ACB200E428D0 /* ConnectionsNorthBackground.png in Resources */ = {isa = PBXBuildFile; fileRef = 5FA5D96A1437ACB200E428D0 /* ConnectionsNorthBackground.png */; };
		5FDD8EBA14375A8300E4316B /* DMNode.m in Sources */ = {isa = PBXBuildFile; fileRef = 5F162D551408F9BE008869BB /* DMNode.m */; };
		5FE2A57A141231BB00B0709E /* DKChangeMapParameters.m in Sources */ = {isa = PBXBuildFile; fileRef = 5FE2A57714122F7200B0709E /* DKChangeMapParameters.m */; };
		5FF93264140986DF003E8518 /* DMMap(Saving).m in Sources */ = {isa = PBXBuildFile; fileRef = 5FF93263140986DF003E8518 /* DMMap(Saving).m */; };
		8D11072A0486CEB800E47090 /* MainMenu.nib in Resources */ = {isa = PBXBuildFile; fileRef = 29B97318FDCFA39411CA2CEA /* MainMenu.nib */; };
		8D11072B0486CEB800E47090 /* InfoPlist.strings in Resources */ = {isa = PBXBuildFile; fileRef = 089C165CFE840E0CC02AAC07 /* InfoPlist.strings */; };
		8D11072D0486CEB800E47090 /* main.m in Sources */ = {isa = PBXBuildFile; fileRef = 29B97316FDCFA39411CA2CEA /* main.m */; settings = {ATTRIBUTES = (); }; };
/* End PBXBuildFile section */

/* Begin PBXFileReference section */
		089C165DFE840E0CC02AAC07 /* English */ = {isa = PBXFileReference; fileEncoding = 10; lastKnownFileType = text.plist.strings; name = English; path = English.lproj/InfoPlist.strings; sourceTree = "<group>"; };
		29B97316FDCFA39411CA2CEA /* main.m */ = {isa = PBXFileReference; fileEncoding = 4; lastKnownFileType = sourcecode.c.objc; path = main.m; sourceTree = "<group>"; };
		29B97319FDCFA39411CA2CEA /* English */ = {isa = PBXFileReference; lastKnownFileType = wrapper.nib; name = English; path = English.lproj/MainMenu.nib; sourceTree = "<group>"; };
		32CA4F630368D1EE00C91783 /* DungeonMaster_Prefix.pch */ = {isa = PBXFileReference; fileEncoding = 4; lastKnownFileType = sourcecode.c.h; path = DungeonMaster_Prefix.pch; sourceTree = "<group>"; };
		5F0213CC1437B3F900ABB19D /* ConnectionsSouthBackground.png */ = {isa = PBXFileReference; lastKnownFileType = image.png; name = ConnectionsSouthBackground.png; path = Resources/Images/ConnectionsSouthBackground.png; sourceTree = SOURCE_ROOT; };
		5F0213CF1437B46A00ABB19D /* ConnectionsEastBackground.png */ = {isa = PBXFileReference; lastKnownFileType = image.png; name = ConnectionsEastBackground.png; path = Resources/Images/ConnectionsEastBackground.png; sourceTree = SOURCE_ROOT; };
		5F0213D01437B46A00ABB19D /* ConnectionsWestBackground.png */ = {isa = PBXFileReference; lastKnownFileType = image.png; name = ConnectionsWestBackground.png; path = Resources/Images/ConnectionsWestBackground.png; sourceTree = SOURCE_ROOT; };
		5F0690CF140C2782007BCE3C /* KeyCode.h */ = {isa = PBXFileReference; lastKnownFileType = sourcecode.c.h; path = KeyCode.h; sourceTree = "<group>"; };
		5F162D4A1408F82D008869BB /* DungeonMaster.icns */ = {isa = PBXFileReference; lastKnownFileType = image.icns; path = DungeonMaster.icns; sourceTree = "<group>"; };
		5F162D4D1408F9BE008869BB /* DMApplicationDelegate.h */ = {isa = PBXFileReference; fileEncoding = 4; lastKnownFileType = sourcecode.c.h; name = DMApplicationDelegate.h; path = Source/DMApplicationDelegate.h; sourceTree = "<group>"; };
		5F162D4E1408F9BE008869BB /* DMApplicationDelegate.m */ = {isa = PBXFileReference; fileEncoding = 4; lastKnownFileType = sourcecode.c.objc; name = DMApplicationDelegate.m; path = Source/DMApplicationDelegate.m; sourceTree = "<group>"; };
		5F162D501408F9BE008869BB /* DMMap.h */ = {isa = PBXFileReference; fileEncoding = 4; lastKnownFileType = sourcecode.c.h; name = DMMap.h; path = Source/DMMap.h; sourceTree = "<group>"; };
		5F162D511408F9BE008869BB /* DMMap.m */ = {isa = PBXFileReference; fileEncoding = 4; lastKnownFileType = sourcecode.c.objc; name = DMMap.m; path = Source/DMMap.m; sourceTree = "<group>"; };
		5F162D521408F9BE008869BB /* DMModel.h */ = {isa = PBXFileReference; fileEncoding = 4; lastKnownFileType = sourcecode.c.h; name = DMModel.h; path = Source/DMModel.h; sourceTree = "<group>"; };
		5F162D531408F9BE008869BB /* DMModel.m */ = {isa = PBXFileReference; fileEncoding = 4; lastKnownFileType = sourcecode.c.objc; name = DMModel.m; path = Source/DMModel.m; sourceTree = "<group>"; };
		5F162D541408F9BE008869BB /* DMNode.h */ = {isa = PBXFileReference; fileEncoding = 4; lastKnownFileType = sourcecode.c.h; name = DMNode.h; path = Source/DMNode.h; sourceTree = "<group>"; };
		5F162D551408F9BE008869BB /* DMNode.m */ = {isa = PBXFileReference; fileEncoding = 4; lastKnownFileType = sourcecode.c.objc; name = DMNode.m; path = Source/DMNode.m; sourceTree = "<group>"; };
		5F162D561408F9BE008869BB /* DMSearch.h */ = {isa = PBXFileReference; fileEncoding = 4; lastKnownFileType = sourcecode.c.h; name = DMSearch.h; path = Source/DMSearch.h; sourceTree = "<group>"; };
		5F162D571408F9BE008869BB /* DMSearch.m */ = {isa = PBXFileReference; fileEncoding = 4; lastKnownFileType = sourcecode.c.objc; name = DMSearch.m; path = Source/DMSearch.m; sourceTree = "<group>"; };
		5F162D581408F9BE008869BB /* DungeonView.h */ = {isa = PBXFileReference; fileEncoding = 4; lastKnownFileType = sourcecode.c.h; name = DungeonView.h; path = Source/DungeonView.h; sourceTree = "<group>"; };
		5F162D591408F9BE008869BB /* DungeonView.m */ = {isa = PBXFileReference; fileEncoding = 4; lastKnownFileType = sourcecode.c.objc; name = DungeonView.m; path = Source/DungeonView.m; sourceTree = "<group>"; };
		5F162D611408F9CE008869BB /* DMDefinitions.h */ = {isa = PBXFileReference; fileEncoding = 4; lastKnownFileType = sourcecode.c.h; name = DMDefinitions.h; path = Source/DMDefinitions.h; sourceTree = "<group>"; };
		5F162D621408F9CE008869BB /* DMDefinitions.m */ = {isa = PBXFileReference; fileEncoding = 4; lastKnownFileType = sourcecode.c.objc; name = DMDefinitions.m; path = Source/DMDefinitions.m; sourceTree = "<group>"; };
		5F162D641408FA7F008869BB /* README.txt */ = {isa = PBXFileReference; fileEncoding = 4; lastKnownFileType = text; path = README.txt; sourceTree = "<group>"; };
		5F162DE3140900AD008869BB /* DungeonKeeper.app */ = {isa = PBXFileReference; explicitFileType = wrapper.application; includeInIndex = 0; path = DungeonKeeper.app; sourceTree = BUILT_PRODUCTS_DIR; };
		5F162DE5140900AD008869BB /* Cocoa.framework */ = {isa = PBXFileReference; lastKnownFileType = wrapper.framework; name = Cocoa.framework; path = Library/Frameworks/Cocoa.framework; sourceTree = DEVELOPER_DIR; };
		5F162DE7140900AD008869BB /* AppKit.framework */ = {isa = PBXFileReference; lastKnownFileType = wrapper.framework; name = AppKit.framework; path = Library/Frameworks/AppKit.framework; sourceTree = SDKROOT; };
		5F162DE8140900AD008869BB /* CoreData.framework */ = {isa = PBXFileReference; lastKnownFileType = wrapper.framework; name = CoreData.framework; path = Library/Frameworks/CoreData.framework; sourceTree = SDKROOT; };
		5F162DE9140900AD008869BB /* Foundation.framework */ = {isa = PBXFileReference; lastKnownFileType = wrapper.framework; name = Foundation.framework; path = Library/Frameworks/Foundation.framework; sourceTree = SDKROOT; };
		5F162DEC140900AD008869BB /* DungeonKeeper-Info.plist */ = {isa = PBXFileReference; lastKnownFileType = text.plist.xml; path = "DungeonKeeper-Info.plist"; sourceTree = "<group>"; };
		5F162DEE140900AD008869BB /* en */ = {isa = PBXFileReference; lastKnownFileType = text.plist.strings; name = en; path = en.lproj/InfoPlist.strings; sourceTree = "<group>"; };
		5F162DF0140900AD008869BB /* main.m */ = {isa = PBXFileReference; lastKnownFileType = sourcecode.c.objc; path = main.m; sourceTree = "<group>"; };
		5F162DF2140900AD008869BB /* DungeonKeeper-Prefix.pch */ = {isa = PBXFileReference; lastKnownFileType = sourcecode.c.h; path = "DungeonKeeper-Prefix.pch"; sourceTree = "<group>"; };
		5F162DF4140900AE008869BB /* en */ = {isa = PBXFileReference; lastKnownFileType = text.rtf; name = en; path = en.lproj/Credits.rtf; sourceTree = "<group>"; };
		5F162DF7140900AE008869BB /* DKDocument.m */ = {isa = PBXFileReference; lastKnownFileType = sourcecode.c.objc; path = DKDocument.m; sourceTree = "<group>"; };
		5F162DFA140900AE008869BB /* en */ = {isa = PBXFileReference; lastKnownFileType = file.xib; name = en; path = en.lproj/DKDocument.xib; sourceTree = "<group>"; };
		5F162DFD140900AE008869BB /* en */ = {isa = PBXFileReference; lastKnownFileType = file.xib; name = en; path = en.lproj/MainMenu.xib; sourceTree = "<group>"; };
		5F162E0314090100008869BB /* DKDocument.h */ = {isa = PBXFileReference; fileEncoding = 4; lastKnownFileType = sourcecode.c.h; path = DKDocument.h; sourceTree = "<group>"; };
		5F162E04140901E1008869BB /* DKMapEditor.h */ = {isa = PBXFileReference; fileEncoding = 4; lastKnownFileType = sourcecode.c.h; path = DKMapEditor.h; sourceTree = "<group>"; };
		5F162E05140901E1008869BB /* DKMapEditor.m */ = {isa = PBXFileReference; fileEncoding = 4; lastKnownFileType = sourcecode.c.objc; path = DKMapEditor.m; sourceTree = "<group>"; };
		5F1A430313FD632B0027508F /* Cocoa.framework */ = {isa = PBXFileReference; lastKnownFileType = wrapper.framework; name = Cocoa.framework; path = SDKs/MacOSX10.7.sdk/System/Library/Frameworks/Cocoa.framework; sourceTree = DEVELOPER_DIR; };
		5F4A4C78141CCECF0092D559 /* DKRoomZoomView.h */ = {isa = PBXFileReference; fileEncoding = 4; lastKnownFileType = sourcecode.c.h; path = DKRoomZoomView.h; sourceTree = "<group>"; };
		5F4A4C79141CCECF0092D559 /* DKRoomZoomView.m */ = {isa = PBXFileReference; fileEncoding = 4; lastKnownFileType = sourcecode.c.objc; path = DKRoomZoomView.m; sourceTree = "<group>"; };
		5F67805C0B96D9C700BD4E8D /* Map file format.txt */ = {isa = PBXFileReference; fileEncoding = 4; lastKnownFileType = text; path = "Map file format.txt"; sourceTree = "<group>"; };
		5F684D051439DB4700DBB32E /* ConnectionsSouth3.png */ = {isa = PBXFileReference; lastKnownFileType = image.png; name = ConnectionsSouth3.png; path = Resources/Images/ConnectionsSouth3.png; sourceTree = SOURCE_ROOT; };
		5F684D061439DB4700DBB32E /* ConnectionsSouth2.png */ = {isa = PBXFileReference; lastKnownFileType = image.png; name = ConnectionsSouth2.png; path = Resources/Images/ConnectionsSouth2.png; sourceTree = SOURCE_ROOT; };
		5F684D071439DB4700DBB32E /* ConnectionsSouth0.png */ = {isa = PBXFileReference; lastKnownFileType = image.png; name = ConnectionsSouth0.png; path = Resources/Images/ConnectionsSouth0.png; sourceTree = SOURCE_ROOT; };
		5F684D0C1439DB5000DBB32E /* ConnectionsNorth3.png */ = {isa = PBXFileReference; lastKnownFileType = image.png; name = ConnectionsNorth3.png; path = Resources/Images/ConnectionsNorth3.png; sourceTree = SOURCE_ROOT; };
		5F684D0D1439DB5000DBB32E /* ConnectionsNorth2.png */ = {isa = PBXFileReference; lastKnownFileType = image.png; name = ConnectionsNorth2.png; path = Resources/Images/ConnectionsNorth2.png; sourceTree = SOURCE_ROOT; };
		5F684D0E1439DB5000DBB32E /* ConnectionsNorth1.png */ = {isa = PBXFileReference; lastKnownFileType = image.png; name = ConnectionsNorth1.png; path = Resources/Images/ConnectionsNorth1.png; sourceTree = SOURCE_ROOT; };
		5F7081DD143887840029E08C /* ConnectionsEast2.png */ = {isa = PBXFileReference; lastKnownFileType = image.png; name = ConnectionsEast2.png; path = Resources/Images/ConnectionsEast2.png; sourceTree = SOURCE_ROOT; };
		5F7081DE143887840029E08C /* ConnectionsEast1.png */ = {isa = PBXFileReference; lastKnownFileType = image.png; name = ConnectionsEast1.png; path = Resources/Images/ConnectionsEast1.png; sourceTree = SOURCE_ROOT; };
		5F7081DF143887840029E08C /* ConnectionsEast0.png */ = {isa = PBXFileReference; lastKnownFileType = image.png; name = ConnectionsEast0.png; path = Resources/Images/ConnectionsEast0.png; sourceTree = SOURCE_ROOT; };
		5F7081E414388BF10029E08C /* ConnectionsWest3.png */ = {isa = PBXFileReference; lastKnownFileType = image.png; name = ConnectionsWest3.png; path = Resources/Images/ConnectionsWest3.png; sourceTree = SOURCE_ROOT; };
		5F7081E514388BF10029E08C /* ConnectionsWest1.png */ = {isa = PBXFileReference; lastKnownFileType = image.png; name = ConnectionsWest1.png; path = Resources/Images/ConnectionsWest1.png; sourceTree = SOURCE_ROOT; };
		5F7081E614388BF10029E08C /* ConnectionsWest0.png */ = {isa = PBXFileReference; lastKnownFileType = image.png; name = ConnectionsWest0.png; path = Resources/Images/ConnectionsWest0.png; sourceTree = SOURCE_ROOT; };
		5FA5D96A1437ACB200E428D0 /* ConnectionsNorthBackground.png */ = {isa = PBXFileReference; lastKnownFileType = image.png; name = ConnectionsNorthBackground.png; path = Resources/Images/ConnectionsNorthBackground.png; sourceTree = SOURCE_ROOT; };
		5FE2A57614122F7200B0709E /* DKChangeMapParameters.h */ = {isa = PBXFileReference; fileEncoding = 4; lastKnownFileType = sourcecode.c.h; path = DKChangeMapParameters.h; sourceTree = "<group>"; };
		5FE2A57714122F7200B0709E /* DKChangeMapParameters.m */ = {isa = PBXFileReference; fileEncoding = 4; lastKnownFileType = sourcecode.c.objc; path = DKChangeMapParameters.m; sourceTree = "<group>"; };
		5FF93262140986DF003E8518 /* DMMap(Saving).h */ = {isa = PBXFileReference; fileEncoding = 4; lastKnownFileType = sourcecode.c.h; path = "DMMap(Saving).h"; sourceTree = "<group>"; };
		5FF93263140986DF003E8518 /* DMMap(Saving).m */ = {isa = PBXFileReference; fileEncoding = 4; lastKnownFileType = sourcecode.c.objc; path = "DMMap(Saving).m"; sourceTree = "<group>"; };
		8D1107310486CEB800E47090 /* Info.plist */ = {isa = PBXFileReference; fileEncoding = 4; lastKnownFileType = text.plist; path = Info.plist; sourceTree = "<group>"; };
		8D1107320486CEB800E47090 /* DungeonMaster.app */ = {isa = PBXFileReference; explicitFileType = wrapper.application; includeInIndex = 0; path = DungeonMaster.app; sourceTree = BUILT_PRODUCTS_DIR; };
/* End PBXFileReference section */

/* Begin PBXFrameworksBuildPhase section */
		5F162DE0140900AD008869BB /* Frameworks */ = {
			isa = PBXFrameworksBuildPhase;
			buildActionMask = 2147483647;
			files = (
				5F162DE6140900AD008869BB /* Cocoa.framework in Frameworks */,
			);
			runOnlyForDeploymentPostprocessing = 0;
		};
		8D11072E0486CEB800E47090 /* Frameworks */ = {
			isa = PBXFrameworksBuildPhase;
			buildActionMask = 2147483647;
			files = (
				5F1A430413FD632B0027508F /* Cocoa.framework in Frameworks */,
			);
			runOnlyForDeploymentPostprocessing = 0;
		};
/* End PBXFrameworksBuildPhase section */

/* Begin PBXGroup section */
		080E96DDFE201D6D7F000001 /* Classes */ = {
			isa = PBXGroup;
			children = (
				5F162D4D1408F9BE008869BB /* DMApplicationDelegate.h */,
				5F162D4E1408F9BE008869BB /* DMApplicationDelegate.m */,
				5F162D501408F9BE008869BB /* DMMap.h */,
				5F162D511408F9BE008869BB /* DMMap.m */,
				5F162D521408F9BE008869BB /* DMModel.h */,
				5F162D531408F9BE008869BB /* DMModel.m */,
				5F162D541408F9BE008869BB /* DMNode.h */,
				5F162D551408F9BE008869BB /* DMNode.m */,
				5F162D561408F9BE008869BB /* DMSearch.h */,
				5F162D571408F9BE008869BB /* DMSearch.m */,
				5F162D581408F9BE008869BB /* DungeonView.h */,
				5F162D591408F9BE008869BB /* DungeonView.m */,
			);
			name = Classes;
			sourceTree = "<group>";
		};
		1058C7A0FEA54F0111CA2CBB /* Linked Frameworks */ = {
			isa = PBXGroup;
			children = (
				5F1A430313FD632B0027508F /* Cocoa.framework */,
			);
			name = "Linked Frameworks";
			sourceTree = "<group>";
		};
		1058C7A2FEA54F0111CA2CBB /* Other Frameworks */ = {
			isa = PBXGroup;
			children = (
				5F162DE7140900AD008869BB /* AppKit.framework */,
				5F162DE8140900AD008869BB /* CoreData.framework */,
				5F162DE9140900AD008869BB /* Foundation.framework */,
			);
			name = "Other Frameworks";
			sourceTree = "<group>";
		};
		19C28FACFE9D520D11CA2CBB /* Products */ = {
			isa = PBXGroup;
			children = (
				8D1107320486CEB800E47090 /* DungeonMaster.app */,
				5F162DE3140900AD008869BB /* DungeonKeeper.app */,
			);
			name = Products;
			sourceTree = "<group>";
		};
		29B97314FDCFA39411CA2CEA /* DungeonMaster */ = {
			isa = PBXGroup;
			children = (
				080E96DDFE201D6D7F000001 /* Classes */,
				29B97315FDCFA39411CA2CEA /* Other Sources */,
				29B97317FDCFA39411CA2CEA /* Resources */,
				5F67805B0B96D9B000BD4E8D /* Notes */,
				5F162DEA140900AD008869BB /* DungeonKeeper */,
				29B97323FDCFA39411CA2CEA /* Frameworks */,
				19C28FACFE9D520D11CA2CBB /* Products */,
			);
			name = DungeonMaster;
			sourceTree = "<group>";
		};
		29B97315FDCFA39411CA2CEA /* Other Sources */ = {
			isa = PBXGroup;
			children = (
				5F162D611408F9CE008869BB /* DMDefinitions.h */,
				5F162D621408F9CE008869BB /* DMDefinitions.m */,
				32CA4F630368D1EE00C91783 /* DungeonMaster_Prefix.pch */,
				29B97316FDCFA39411CA2CEA /* main.m */,
			);
			name = "Other Sources";
			sourceTree = "<group>";
		};
		29B97317FDCFA39411CA2CEA /* Resources */ = {
			isa = PBXGroup;
			children = (
				5F162D4A1408F82D008869BB /* DungeonMaster.icns */,
				8D1107310486CEB800E47090 /* Info.plist */,
				089C165CFE840E0CC02AAC07 /* InfoPlist.strings */,
				29B97318FDCFA39411CA2CEA /* MainMenu.nib */,
				5F162D641408FA7F008869BB /* README.txt */,
			);
			name = Resources;
			sourceTree = "<group>";
		};
		29B97323FDCFA39411CA2CEA /* Frameworks */ = {
			isa = PBXGroup;
			children = (
				1058C7A0FEA54F0111CA2CBB /* Linked Frameworks */,
				5F162DE5140900AD008869BB /* Cocoa.framework */,
				1058C7A2FEA54F0111CA2CBB /* Other Frameworks */,
			);
			name = Frameworks;
			sourceTree = "<group>";
		};
		5F0690CC140C23B9007BCE3C /* Resources */ = {
			isa = PBXGroup;
			children = (
				5FA5D9681437AC8100E428D0 /* Images */,
				5F162DF9140900AE008869BB /* DKDocument.xib */,
				5F162DFC140900AE008869BB /* MainMenu.xib */,
			);
			name = Resources;
			sourceTree = "<group>";
		};
		5F162DEA140900AD008869BB /* DungeonKeeper */ = {
			isa = PBXGroup;
			children = (
				5F162E07140901EC008869BB /* Classes */,
				5F0690CC140C23B9007BCE3C /* Resources */,
				5F162DEB140900AD008869BB /* Supporting Files */,
			);
			path = DungeonKeeper;
			sourceTree = "<group>";
		};
		5F162DEB140900AD008869BB /* Supporting Files */ = {
			isa = PBXGroup;
			children = (
				5F162DEC140900AD008869BB /* DungeonKeeper-Info.plist */,
				5F162DED140900AD008869BB /* InfoPlist.strings */,
				5F162DF0140900AD008869BB /* main.m */,
				5F162DF2140900AD008869BB /* DungeonKeeper-Prefix.pch */,
				5F0690CF140C2782007BCE3C /* KeyCode.h */,
				5F162DF3140900AE008869BB /* Credits.rtf */,
			);
			name = "Supporting Files";
			sourceTree = "<group>";
		};
		5F162E07140901EC008869BB /* Classes */ = {
			isa = PBXGroup;
			children = (
				5FE2A57D141232D900B0709E /* Model */,
				5FE2A57C141232C500B0709E /* Views */,
				5FE2A57B141232B100B0709E /* Commands */,
				5F162E0314090100008869BB /* DKDocument.h */,
				5F162DF7140900AE008869BB /* DKDocument.m */,
			);
			name = Classes;
			sourceTree = "<group>";
		};
		5F67805B0B96D9B000BD4E8D /* Notes */ = {
			isa = PBXGroup;
			children = (
				5F67805C0B96D9C700BD4E8D /* Map file format.txt */,
			);
			name = Notes;
			sourceTree = "<group>";
		};
		5FA5D9681437AC8100E428D0 /* Images */ = {
			isa = PBXGroup;
			children = (
				5F0213CF1437B46A00ABB19D /* ConnectionsEastBackground.png */,
				5F7081DF143887840029E08C /* ConnectionsEast0.png */,
				5F7081DE143887840029E08C /* ConnectionsEast1.png */,
				5F7081DD143887840029E08C /* ConnectionsEast2.png */,
				5F0213D01437B46A00ABB19D /* ConnectionsWestBackground.png */,
				5F7081E614388BF10029E08C /* ConnectionsWest0.png */,
				5F7081E514388BF10029E08C /* ConnectionsWest1.png */,
				5F7081E414388BF10029E08C /* ConnectionsWest3.png */,
				5FA5D96A1437ACB200E428D0 /* ConnectionsNorthBackground.png */,
				5F684D0C1439DB5000DBB32E /* ConnectionsNorth3.png */,
				5F684D0D1439DB5000DBB32E /* ConnectionsNorth2.png */,
				5F684D0E1439DB5000DBB32E /* ConnectionsNorth1.png */,
				5F0213CC1437B3F900ABB19D /* ConnectionsSouthBackground.png */,
				5F684D051439DB4700DBB32E /* ConnectionsSouth3.png */,
				5F684D061439DB4700DBB32E /* ConnectionsSouth2.png */,
				5F684D071439DB4700DBB32E /* ConnectionsSouth0.png */,
			);
			name = Images;
			sourceTree = "<group>";
		};
		5FE2A57B141232B100B0709E /* Commands */ = {
			isa = PBXGroup;
			children = (
				5FE2A57614122F7200B0709E /* DKChangeMapParameters.h */,
				5FE2A57714122F7200B0709E /* DKChangeMapParameters.m */,
			);
			name = Commands;
			sourceTree = "<group>";
		};
		5FE2A57C141232C500B0709E /* Views */ = {
			isa = PBXGroup;
			children = (
				5F162E04140901E1008869BB /* DKMapEditor.h */,
				5F162E05140901E1008869BB /* DKMapEditor.m */,
				5F4A4C78141CCECF0092D559 /* DKRoomZoomView.h */,
				5F4A4C79141CCECF0092D559 /* DKRoomZoomView.m */,
			);
			name = Views;
			sourceTree = "<group>";
		};
		5FE2A57D141232D900B0709E /* Model */ = {
			isa = PBXGroup;
			children = (
				5FF93262140986DF003E8518 /* DMMap(Saving).h */,
				5FF93263140986DF003E8518 /* DMMap(Saving).m */,
			);
			name = Model;
			sourceTree = "<group>";
		};
/* End PBXGroup section */

/* Begin PBXNativeTarget section */
		5F162DE2140900AD008869BB /* DungeonKeeper */ = {
			isa = PBXNativeTarget;
			buildConfigurationList = 5F162E01140900AE008869BB /* Build configuration list for PBXNativeTarget "DungeonKeeper" */;
			buildPhases = (
				5F162DDF140900AD008869BB /* Sources */,
				5F162DE0140900AD008869BB /* Frameworks */,
				5F162DE1140900AD008869BB /* Resources */,
			);
			buildRules = (
			);
			dependencies = (
			);
			name = DungeonKeeper;
			productName = DungeonKeeper;
			productReference = 5F162DE3140900AD008869BB /* DungeonKeeper.app */;
			productType = "com.apple.product-type.application";
		};
		8D1107260486CEB800E47090 /* DungeonMaster */ = {
			isa = PBXNativeTarget;
			buildConfigurationList = C01FCF4A08A954540054247B /* Build configuration list for PBXNativeTarget "DungeonMaster" */;
			buildPhases = (
				8D1107290486CEB800E47090 /* Resources */,
				8D11072C0486CEB800E47090 /* Sources */,
				8D11072E0486CEB800E47090 /* Frameworks */,
			);
			buildRules = (
			);
			dependencies = (
			);
			name = DungeonMaster;
			productInstallPath = "$(HOME)/Applications";
			productName = DungeonMaster;
			productReference = 8D1107320486CEB800E47090 /* DungeonMaster.app */;
			productType = "com.apple.product-type.application";
		};
/* End PBXNativeTarget section */

/* Begin PBXProject section */
		29B97313FDCFA39411CA2CEA /* Project object */ = {
			isa = PBXProject;
			attributes = {
				LastUpgradeCheck = 0410;
			};
			buildConfigurationList = C01FCF4E08A954540054247B /* Build configuration list for PBXProject "DungeonMaster" */;
			compatibilityVersion = "Xcode 3.2";
			developmentRegion = English;
			hasScannedForEncodings = 1;
			knownRegions = (
				en,
			);
			mainGroup = 29B97314FDCFA39411CA2CEA /* DungeonMaster */;
			projectDirPath = "";
			projectRoot = "";
			targets = (
				8D1107260486CEB800E47090 /* DungeonMaster */,
				5F162DE2140900AD008869BB /* DungeonKeeper */,
			);
		};
/* End PBXProject section */

/* Begin PBXResourcesBuildPhase section */
		5F162DE1140900AD008869BB /* Resources */ = {
			isa = PBXResourcesBuildPhase;
			buildActionMask = 2147483647;
			files = (
				5F162DEF140900AD008869BB /* InfoPlist.strings in Resources */,
				5F162DF5140900AE008869BB /* Credits.rtf in Resources */,
				5F162DFB140900AE008869BB /* DKDocument.xib in Resources */,
				5F162DFE140900AE008869BB /* MainMenu.xib in Resources */,
				5FA5D96B1437ACB200E428D0 /* ConnectionsNorthBackground.png in Resources */,
				5F0213CD1437B3F900ABB19D /* ConnectionsSouthBackground.png in Resources */,
				5F0213D11437B46A00ABB19D /* ConnectionsEastBackground.png in Resources */,
				5F0213D21437B46A00ABB19D /* ConnectionsWestBackground.png in Resources */,
				5F7081E0143887840029E08C /* ConnectionsEast2.png in Resources */,
				5F7081E1143887840029E08C /* ConnectionsEast1.png in Resources */,
				5F7081E2143887840029E08C /* ConnectionsEast0.png in Resources */,
				5F7081E714388BF10029E08C /* ConnectionsWest3.png in Resources */,
				5F7081E814388BF10029E08C /* ConnectionsWest1.png in Resources */,
				5F7081E914388BF10029E08C /* ConnectionsWest0.png in Resources */,
				5F684D081439DB4700DBB32E /* ConnectionsSouth3.png in Resources */,
				5F684D091439DB4700DBB32E /* ConnectionsSouth2.png in Resources */,
				5F684D0A1439DB4700DBB32E /* ConnectionsSouth0.png in Resources */,
				5F684D0F1439DB5000DBB32E /* ConnectionsNorth3.png in Resources */,
				5F684D101439DB5000DBB32E /* ConnectionsNorth2.png in Resources */,
				5F684D111439DB5000DBB32E /* ConnectionsNorth1.png in Resources */,
			);
			runOnlyForDeploymentPostprocessing = 0;
		};
		8D1107290486CEB800E47090 /* Resources */ = {
			isa = PBXResourcesBuildPhase;
			buildActionMask = 2147483647;
			files = (
				8D11072A0486CEB800E47090 /* MainMenu.nib in Resources */,
				8D11072B0486CEB800E47090 /* InfoPlist.strings in Resources */,
				5F162D4B1408F82D008869BB /* DungeonMaster.icns in Resources */,
				5F162D651408FA7F008869BB /* README.txt in Resources */,
			);
			runOnlyForDeploymentPostprocessing = 0;
		};
/* End PBXResourcesBuildPhase section */

/* Begin PBXSourcesBuildPhase section */
		5F162DDF140900AD008869BB /* Sources */ = {
			isa = PBXSourcesBuildPhase;
			buildActionMask = 2147483647;
			files = (
				5F162DF1140900AD008869BB /* main.m in Sources */,
				5F162DF8140900AE008869BB /* DKDocument.m in Sources */,
				5F162E06140901E1008869BB /* DKMapEditor.m in Sources */,
				5F162E0814090501008869BB /* DMMap.m in Sources */,
				5F162E0914090511008869BB /* DMNode.m in Sources */,
				5F162E0A14090511008869BB /* DMSearch.m in Sources */,
				5F162E0B14090541008869BB /* DMDefinitions.m in Sources */,
				5FE2A57A141231BB00B0709E /* DKChangeMapParameters.m in Sources */,
				5F4A4C7A141CCECF0092D559 /* DKRoomZoomView.m in Sources */,
			);
			runOnlyForDeploymentPostprocessing = 0;
		};
		8D11072C0486CEB800E47090 /* Sources */ = {
			isa = PBXSourcesBuildPhase;
			buildActionMask = 2147483647;
			files = (
				8D11072D0486CEB800E47090 /* main.m in Sources */,
				5F162D5A1408F9BE008869BB /* DMApplicationDelegate.m in Sources */,
				5F162D5C1408F9BE008869BB /* DMMap.m in Sources */,
				5F162D5D1408F9BE008869BB /* DMModel.m in Sources */,
				5F162D5F1408F9BE008869BB /* DMSearch.m in Sources */,
				5F162D601408F9BE008869BB /* DungeonView.m in Sources */,
				5F162D631408F9CE008869BB /* DMDefinitions.m in Sources */,
				5FF93264140986DF003E8518 /* DMMap(Saving).m in Sources */,
				5FDD8EBA14375A8300E4316B /* DMNode.m in Sources */,
			);
			runOnlyForDeploymentPostprocessing = 0;
		};
/* End PBXSourcesBuildPhase section */

/* Begin PBXVariantGroup section */
		089C165CFE840E0CC02AAC07 /* InfoPlist.strings */ = {
			isa = PBXVariantGroup;
			children = (
				089C165DFE840E0CC02AAC07 /* English */,
			);
			name = InfoPlist.strings;
			sourceTree = "<group>";
		};
		29B97318FDCFA39411CA2CEA /* MainMenu.nib */ = {
			isa = PBXVariantGroup;
			children = (
				29B97319FDCFA39411CA2CEA /* English */,
			);
			name = MainMenu.nib;
			sourceTree = "<group>";
		};
		5F162DED140900AD008869BB /* InfoPlist.strings */ = {
			isa = PBXVariantGroup;
			children = (
				5F162DEE140900AD008869BB /* en */,
			);
			name = InfoPlist.strings;
			sourceTree = "<group>";
		};
		5F162DF3140900AE008869BB /* Credits.rtf */ = {
			isa = PBXVariantGroup;
			children = (
				5F162DF4140900AE008869BB /* en */,
			);
			name = Credits.rtf;
			sourceTree = "<group>";
		};
		5F162DF9140900AE008869BB /* DKDocument.xib */ = {
			isa = PBXVariantGroup;
			children = (
				5F162DFA140900AE008869BB /* en */,
			);
			name = DKDocument.xib;
			sourceTree = "<group>";
		};
		5F162DFC140900AE008869BB /* MainMenu.xib */ = {
			isa = PBXVariantGroup;
			children = (
				5F162DFD140900AE008869BB /* en */,
			);
			name = MainMenu.xib;
			sourceTree = "<group>";
		};
/* End PBXVariantGroup section */

/* Begin XCBuildConfiguration section */
		5F162DFF140900AE008869BB /* Debug */ = {
			isa = XCBuildConfiguration;
			buildSettings = {
				ALWAYS_SEARCH_USER_PATHS = NO;
				ARCHS = "$(ARCHS_STANDARD_32_64_BIT)";
				COPY_PHASE_STRIP = NO;
				FRAMEWORK_SEARCH_PATHS = (
					"$(inherited)",
					"\"$(DEVELOPER_FRAMEWORKS_DIR)\"",
				);
				GCC_C_LANGUAGE_STANDARD = gnu99;
				GCC_DYNAMIC_NO_PIC = NO;
				GCC_ENABLE_OBJC_EXCEPTIONS = YES;
				GCC_OPTIMIZATION_LEVEL = 0;
				GCC_PRECOMPILE_PREFIX_HEADER = YES;
				GCC_PREFIX_HEADER = "DungeonKeeper/DungeonKeeper-Prefix.pch";
				GCC_PREPROCESSOR_DEFINITIONS = (
					"DEBUG=1",
					"$(inherited)",
				);
				GCC_SYMBOLS_PRIVATE_EXTERN = NO;
				GCC_VERSION = com.apple.compilers.llvm.clang.1_0;
				GCC_WARN_64_TO_32_BIT_CONVERSION = YES;
				GCC_WARN_ABOUT_MISSING_PROTOTYPES = YES;
				INFOPLIST_FILE = "DungeonKeeper/DungeonKeeper-Info.plist";
				MACOSX_DEPLOYMENT_TARGET = 10.7;
				ONLY_ACTIVE_ARCH = YES;
				PRODUCT_NAME = "$(TARGET_NAME)";
				SDKROOT = macosx;
				WRAPPER_EXTENSION = app;
			};
			name = Debug;
		};
		5F162E00140900AE008869BB /* Release */ = {
			isa = XCBuildConfiguration;
			buildSettings = {
				ALWAYS_SEARCH_USER_PATHS = NO;
				ARCHS = "$(ARCHS_STANDARD_32_64_BIT)";
				COPY_PHASE_STRIP = YES;
				DEBUG_INFORMATION_FORMAT = "dwarf-with-dsym";
				FRAMEWORK_SEARCH_PATHS = (
					"$(inherited)",
					"\"$(DEVELOPER_FRAMEWORKS_DIR)\"",
				);
				GCC_C_LANGUAGE_STANDARD = gnu99;
				GCC_ENABLE_OBJC_EXCEPTIONS = YES;
				GCC_PRECOMPILE_PREFIX_HEADER = YES;
				GCC_PREFIX_HEADER = "DungeonKeeper/DungeonKeeper-Prefix.pch";
				GCC_VERSION = com.apple.compilers.llvm.clang.1_0;
				GCC_WARN_64_TO_32_BIT_CONVERSION = YES;
				GCC_WARN_ABOUT_MISSING_PROTOTYPES = YES;
				INFOPLIST_FILE = "DungeonKeeper/DungeonKeeper-Info.plist";
				MACOSX_DEPLOYMENT_TARGET = 10.7;
				PRODUCT_NAME = "$(TARGET_NAME)";
				SDKROOT = macosx;
				WRAPPER_EXTENSION = app;
			};
			name = Release;
		};
		C01FCF4B08A954540054247B /* Debug */ = {
			isa = XCBuildConfiguration;
			buildSettings = {
				COPY_PHASE_STRIP = NO;
				GCC_C_LANGUAGE_STANDARD = c99;
				GCC_DYNAMIC_NO_PIC = NO;
				GCC_ENABLE_OBJC_EXCEPTIONS = YES;
				GCC_MODEL_TUNING = G5;
				GCC_OPTIMIZATION_LEVEL = 0;
				INFOPLIST_FILE = Info.plist;
				INSTALL_PATH = "$(HOME)/Applications";
				PRODUCT_NAME = DungeonMaster;
				SDKROOT = macosx;
				WRAPPER_EXTENSION = app;
				ZERO_LINK = YES;
			};
			name = Debug;
		};
		C01FCF4C08A954540054247B /* Release */ = {
			isa = XCBuildConfiguration;
			buildSettings = {
				ARCHS = "$(ARCHS_STANDARD_32_64_BIT)";
				GCC_C_LANGUAGE_STANDARD = c99;
				GCC_ENABLE_OBJC_EXCEPTIONS = YES;
				GCC_GENERATE_DEBUGGING_SYMBOLS = NO;
				GCC_MODEL_TUNING = G5;
				INFOPLIST_FILE = Info.plist;
				INSTALL_PATH = "$(HOME)/Applications";
				PRODUCT_NAME = DungeonMaster;
				SDKROOT = macosx;
				WRAPPER_EXTENSION = app;
			};
			name = Release;
		};
		C01FCF4F08A954540054247B /* Debug */ = {
			isa = XCBuildConfiguration;
			buildSettings = {
				GCC_WARN_ABOUT_RETURN_TYPE = YES;
				GCC_WARN_UNUSED_VARIABLE = YES;
				SDKROOT = "$(DEVELOPER_SDK_DIR)/MacOSX10.4u.sdk";
			};
			name = Debug;
		};
		C01FCF5008A954540054247B /* Release */ = {
			isa = XCBuildConfiguration;
			buildSettings = {
				GCC_WARN_ABOUT_RETURN_TYPE = YES;
				GCC_WARN_UNUSED_VARIABLE = YES;
				SDKROOT = "$(DEVELOPER_SDK_DIR)/MacOSX10.4u.sdk";
			};
			name = Release;
		};
/* End XCBuildConfiguration section */

/* Begin XCConfigurationList section */
		5F162E01140900AE008869BB /* Build configuration list for PBXNativeTarget "DungeonKeeper" */ = {
			isa = XCConfigurationList;
			buildConfigurations = (
				5F162DFF140900AE008869BB /* Debug */,
				5F162E00140900AE008869BB /* Release */,
			);
			defaultConfigurationIsVisible = 0;
			defaultConfigurationName = Release;
		};
		C01FCF4A08A954540054247B /* Build configuration list for PBXNativeTarget "DungeonMaster" */ = {
			isa = XCConfigurationList;
			buildConfigurations = (
				C01FCF4B08A954540054247B /* Debug */,
				C01FCF4C08A954540054247B /* Release */,
			);
			defaultConfigurationIsVisible = 0;
			defaultConfigurationName = Release;
		};
		C01FCF4E08A954540054247B /* Build configuration list for PBXProject "DungeonMaster" */ = {
			isa = XCConfigurationList;
			buildConfigurations = (
				C01FCF4F08A954540054247B /* Debug */,
				C01FCF5008A954540054247B /* Release */,
			);
			defaultConfigurationIsVisible = 0;
			defaultConfigurationName = Release;
		};
/* End XCConfigurationList section */
	};
	rootObject = 29B97313FDCFA39411CA2CEA /* Project object */;
}
